
Microsoft Visual Studio Solution File, Format Version 12.00
# Visual Studio Version 16
VisualStudioVersion = 16.0.32901.82
MinimumVisualStudioVersion = 10.0.40219.1
Project("{FAE04EC0-301F-11D3-BF4B-00C04F79EFBC}") = "XmlSerializerEx01", "XmlSerializerEx01\XmlSerializerEx01.csproj", "{DC57206C-A27C-4050-A699-DE366BBA147E}"
EndProject
Project("{FAE04EC0-301F-11D3-BF4B-00C04F79EFBC}") = "ICollectionEx", "ICollectionEx\ICollectionEx.csproj", "{3A8F7D5F-5379-48FF-92D0-A3565857DC5A}"
EndProject
Project("{FAE04EC0-301F-11D3-BF4B-00C04F79EFBC}") = "XmlSerializerEx02", "XmlSerializerEx02\XmlSerializerEx02.csproj", "{2ABADA46-BB73-4C89-87FD-836359402D69}"
EndProject
Project("{FAE04EC0-301F-11D3-BF4B-00C04F79EFBC}") = "LinqToXmlEx01", "LinqToXmlEx01\LinqToXmlEx01.csproj", "{966E87AB-5E95-4EBC-9E94-1C586855DD74}"
EndProject
Project("{FAE04EC0-301F-11D3-BF4B-00C04F79EFBC}") = "LinqToXmlEx02", "LinqToXmlEx02\LinqToXmlEx02.csproj", "{42E518C3-596B-467F-8641-E78BFB90A35D}"
EndProject
Project("{FAE04EC0-301F-11D3-BF4B-00C04F79EFBC}") = "LinqToXmlEx03", "LinqToXmlEx03\LinqToXmlEx03.csproj", "{CEB8C451-7C74-4DAA-B44B-76D943FA9015}"
EndProject
Project("{FAE04EC0-301F-11D3-BF4B-00C04F79EFBC}") = "LinqToXmlEx04", "LinqToXmlEx04\LinqToXmlEx04.csproj", "{E858B03D-4BAC-4E18-A3E0-87D4B1B67347}"
EndProject
Project("{FAE04EC0-301F-11D3-BF4B-00C04F79EFBC}") = "LinqToXmlEx05", "LinqToXmlEx05\LinqToXmlEx05.csproj", "{3337A3B3-DF2B-466F-ADED-437B9F9AF340}"
EndProject
Project("{FAE04EC0-301F-11D3-BF4B-00C04F79EFBC}") = "LinqToXmlEx06", "LinqToXmlEx06\LinqToXmlEx06.csproj", "{8C71540F-908D-4125-82BD-6D231088802F}"
EndProject
Global
	GlobalSection(SolutionConfigurationPlatforms) = preSolution
		Debug|Any CPU = Debug|Any CPU
		Release|Any CPU = Release|Any CPU
	EndGlobalSection
	GlobalSection(ProjectConfigurationPlatforms) = postSolution
		{DC57206C-A27C-4050-A699-DE366BBA147E}.Debug|Any CPU.ActiveCfg = Debug|Any CPU
		{DC57206C-A27C-4050-A699-DE366BBA147E}.Debug|Any CPU.Build.0 = Debug|Any CPU
		{DC57206C-A27C-4050-A699-DE366BBA147E}.Release|Any CPU.ActiveCfg = Release|Any CPU
		{DC57206C-A27C-4050-A699-DE366BBA147E}.Release|Any CPU.Build.0 = Release|Any CPU
		{3A8F7D5F-5379-48FF-92D0-A3565857DC5A}.Debug|Any CPU.ActiveCfg = Debug|Any CPU
		{3A8F7D5F-5379-48FF-92D0-A3565857DC5A}.Debug|Any CPU.Build.0 = Debug|Any CPU
		{3A8F7D5F-5379-48FF-92D0-A3565857DC5A}.Release|Any CPU.ActiveCfg = Release|Any CPU
		{3A8F7D5F-5379-48FF-92D0-A3565857DC5A}.Release|Any CPU.Build.0 = Release|Any CPU
		{2ABADA46-BB73-4C89-87FD-836359402D69}.Debug|Any CPU.ActiveCfg = Debug|Any CPU
		{2ABADA46-BB73-4C89-87FD-836359402D69}.Debug|Any CPU.Build.0 = Debug|Any CPU
		{2ABADA46-BB73-4C89-87FD-836359402D69}.Release|Any CPU.ActiveCfg = Release|Any CPU
		{2ABADA46-BB73-4C89-87FD-836359402D69}.Release|Any CPU.Build.0 = Release|Any CPU
		{966E87AB-5E95-4EBC-9E94-1C586855DD74}.Debug|Any CPU.ActiveCfg = Debug|Any CPU
		{966E87AB-5E95-4EBC-9E94-1C586855DD74}.Debug|Any CPU.Build.0 = Debug|Any CPU
		{966E87AB-5E95-4EBC-9E94-1C586855DD74}.Release|Any CPU.ActiveCfg = Release|Any CPU
		{966E87AB-5E95-4EBC-9E94-1C586855DD74}.Release|Any CPU.Build.0 = Release|Any CPU
		{42E518C3-596B-467F-8641-E78BFB90A35D}.Debug|Any CPU.ActiveCfg = Debug|Any CPU
		{42E518C3-596B-467F-8641-E78BFB90A35D}.Debug|Any CPU.Build.0 = Debug|Any CPU
		{42E518C3-596B-467F-8641-E78BFB90A35D}.Release|Any CPU.ActiveCfg = Release|Any CPU
		{42E518C3-596B-467F-8641-E78BFB90A35D}.Release|Any CPU.Build.0 = Release|Any CPU
		{CEB8C451-7C74-4DAA-B44B-76D943FA9015}.Debug|Any CPU.ActiveCfg = Debug|Any CPU
		{CEB8C451-7C74-4DAA-B44B-76D943FA9015}.Debug|Any CPU.Build.0 = Debug|Any CPU
		{CEB8C451-7C74-4DAA-B44B-76D943FA9015}.Release|Any CPU.ActiveCfg = Release|Any CPU
		{CEB8C451-7C74-4DAA-B44B-76D943FA9015}.Release|Any CPU.Build.0 = Release|Any CPU
		{E858B03D-4BAC-4E18-A3E0-87D4B1B67347}.Debug|Any CPU.ActiveCfg = Debug|Any CPU
		{E858B03D-4BAC-4E18-A3E0-87D4B1B67347}.Debug|Any CPU.Build.0 = Debug|Any CPU
		{E858B03D-4BAC-4E18-A3E0-87D4B1B67347}.Release|Any CPU.ActiveCfg = Release|Any CPU
		{E858B03D-4BAC-4E18-A3E0-87D4B1B67347}.Release|Any CPU.Build.0 = Release|Any CPU
		{3337A3B3-DF2B-466F-ADED-437B9F9AF340}.Debug|Any CPU.ActiveCfg = Debug|Any CPU
		{3337A3B3-DF2B-466F-ADED-437B9F9AF340}.Debug|Any CPU.Build.0 = Debug|Any CPU
		{3337A3B3-DF2B-466F-ADED-437B9F9AF340}.Release|Any CPU.ActiveCfg = Release|Any CPU
		{3337A3B3-DF2B-466F-ADED-437B9F9AF340}.Release|Any CPU.Build.0 = Release|Any CPU
		{8C71540F-908D-4125-82BD-6D231088802F}.Debug|Any CPU.ActiveCfg = Debug|Any CPU
		{8C71540F-908D-4125-82BD-6D231088802F}.Debug|Any CPU.Build.0 = Debug|Any CPU
		{8C71540F-908D-4125-82BD-6D231088802F}.Release|Any CPU.ActiveCfg = Release|Any CPU
		{8C71540F-908D-4125-82BD-6D231088802F}.Release|Any CPU.Build.0 = Release|Any CPU
	EndGlobalSection
	GlobalSection(SolutionProperties) = preSolution
		HideSolutionNode = FALSE
	EndGlobalSection
	GlobalSection(ExtensibilityGlobals) = postSolution
		SolutionGuid = {EF9C347B-DE8D-4F57-8814-07D54605F818}
	EndGlobalSection
EndGlobal
